
Microsoft Visual Studio Solution File, Format Version 12.00
# Visual Studio Version 17
VisualStudioVersion = 17.14.36811.4 d17.14
MinimumVisualStudioVersion = 10.0.40219.1
Project("{FAE04EC0-301F-11D3-BF4B-00C04F79EFBC}") = "SubModule", "SubModule\SubModule.csproj", "{47C6188D-1FCB-4A85-BB35-30552C1A1725}"
EndProject
Global
	GlobalSection(SolutionConfigurationPlatforms) = preSolution
		Debug|Any CPU = Debug|Any CPU
		Release|Any CPU = Release|Any CPU
	EndGlobalSection
	GlobalSection(ProjectConfigurationPlatforms) = postSolution
		{47C6188D-1FCB-4A85-BB35-30552C1A1725}.Debug|Any CPU.ActiveCfg = Debug|Any CPU
		{47C6188D-1FCB-4A85-BB35-30552C1A1725}.Debug|Any CPU.Build.0 = Debug|Any CPU
		{47C6188D-1FCB-4A85-BB35-30552C1A1725}.Release|Any CPU.ActiveCfg = Release|Any CPU
		{47C6188D-1FCB-4A85-BB35-30552C1A1725}.Release|Any CPU.Build.0 = Release|Any CPU
	EndGlobalSection
	GlobalSection(SolutionProperties) = preSolution
		HideSolutionNode = FALSE
	EndGlobalSection
	GlobalSection(ExtensibilityGlobals) = postSolution
		SolutionGuid = {6EC2D03B-1672-466F-B6A8-E450CD426638}
	EndGlobalSection
EndGlobal
